// !$*UTF8*$!
{
	archiveVersion = 1;
	classes = {
	};
	objectVersion = 46;
	objects = {

/* Begin PBXBuildFile section */
		58AC15FA1C90845200B4EA9D /* AppDelegate.swift in Sources */ = {isa = PBXBuildFile; fileRef = 58AC15F91C90845200B4EA9D /* AppDelegate.swift */; };
		58AC15FC1C90845200B4EA9D /* ViewController.swift in Sources */ = {isa = PBXBuildFile; fileRef = 58AC15FB1C90845200B4EA9D /* ViewController.swift */; };
		58AC15FF1C90845200B4EA9D /* Main.storyboard in Resources */ = {isa = PBXBuildFile; fileRef = 58AC15FD1C90845200B4EA9D /* Main.storyboard */; };
		58AC16011C90845200B4EA9D /* Assets.xcassets in Resources */ = {isa = PBXBuildFile; fileRef = 58AC16001C90845200B4EA9D /* Assets.xcassets */; };
		58AC16041C90845200B4EA9D /* LaunchScreen.storyboard in Resources */ = {isa = PBXBuildFile; fileRef = 58AC16021C90845200B4EA9D /* LaunchScreen.storyboard */; };
/* End PBXBuildFile section */

/* Begin PBXFileReference section */
		58AC15F61C90845200B4EA9D /* matematicadafesta.app */ = {isa = PBXFileReference; explicitFileType = wrapper.application; includeInIndex = 0; path = matematicadafesta.app; sourceTree = BUILT_PRODUCTS_DIR; };
		58AC15F91C90845200B4EA9D /* AppDelegate.swift */ = {isa = PBXFileReference; lastKnownFileType = sourcecode.swift; path = AppDelegate.swift; sourceTree = "<group>"; };
		58AC15FB1C90845200B4EA9D /* ViewController.swift */ = {isa = PBXFileReference; lastKnownFileType = sourcecode.swift; path = ViewController.swift; sourceTree = "<group>"; };
		58AC15FE1C90845200B4EA9D /* Base */ = {isa = PBXFileReference; lastKnownFileType = file.storyboard; name = Base; path = Base.lproj/Main.storyboard; sourceTree = "<group>"; };
		58AC16001C90845200B4EA9D /* Assets.xcassets */ = {isa = PBXFileReference; lastKnownFileType = folder.assetcatalog; path = Assets.xcassets; sourceTree = "<group>"; };
		58AC16031C90845200B4EA9D /* Base */ = {isa = PBXFileReference; lastKnownFileType = file.storyboard; name = Base; path = Base.lproj/LaunchScreen.storyboard; sourceTree = "<group>"; };
		58AC16051C90845200B4EA9D /* Info.plist */ = {isa = PBXFileReference; lastKnownFileType = text.plist.xml; path = Info.plist; sourceTree = "<group>"; };
/* End PBXFileReference section */

/* Begin PBXFrameworksBuildPhase section */
		58AC15F31C90845200B4EA9D /* Frameworks */ = {
			isa = PBXFrameworksBuildPhase;
			buildActionMask = 2147483647;
			files = (
			);
			runOnlyForDeploymentPostprocessing = 0;
		};
/* End PBXFrameworksBuildPhase section */

/* Begin PBXGroup section */
		58AC15ED1C90845200B4EA9D = {
			isa = PBXGroup;
			children = (
				58AC15F81C90845200B4EA9D /* matematicadafesta */,
				58AC15F71C90845200B4EA9D /* Products */,
			);
			sourceTree = "<group>";
		};
		58AC15F71C90845200B4EA9D /* Products */ = {
			isa = PBXGroup;
			children = (
				58AC15F61C90845200B4EA9D /* matematicadafesta.app */,
			);
			name = Products;
			sourceTree = "<group>";
		};
		58AC15F81C90845200B4EA9D /* matematicadafesta */ = {
			isa = PBXGroup;
			children = (
				58AC15F91C90845200B4EA9D /* AppDelegate.swift */,
				58AC15FB1C90845200B4EA9D /* ViewController.swift */,
				58AC15FD1C90845200B4EA9D /* Main.storyboard */,
				58AC16001C90845200B4EA9D /* Assets.xcassets */,
				58AC16021C90845200B4EA9D /* LaunchScreen.storyboard */,
				58AC16051C90845200B4EA9D /* Info.plist */,
			);
			path = matematicadafesta;
			sourceTree = "<group>";
		};
/* End PBXGroup section */

/* Begin PBXNativeTarget section */
		58AC15F51C90845200B4EA9D /* matematicadafesta */ = {
			isa = PBXNativeTarget;
			buildConfigurationList = 58AC16081C90845200B4EA9D /* Build configuration list for PBXNativeTarget "matematicadafesta" */;
			buildPhases = (
				58AC15F21C90845200B4EA9D /* Sources */,
				58AC15F31C90845200B4EA9D /* Frameworks */,
				58AC15F41C90845200B4EA9D /* Resources */,
			);
			buildRules = (
			);
			dependencies = (
			);
			name = matematicadafesta;
			productName = matematicadafesta;
			productReference = 58AC15F61C90845200B4EA9D /* matematicadafesta.app */;
			productType = "com.apple.product-type.application";
		};
/* End PBXNativeTarget section */

/* Begin PBXProject section */
		58AC15EE1C90845200B4EA9D /* Project object */ = {
			isa = PBXProject;
			attributes = {
				LastSwiftUpdateCheck = 0720;
				LastUpgradeCheck = 0720;
				ORGANIZATIONNAME = "CajuínaWeb";
				TargetAttributes = {
					58AC15F51C90845200B4EA9D = {
						CreatedOnToolsVersion = 7.2.1;
					};
				};
			};
			buildConfigurationList = 58AC15F11C90845200B4EA9D /* Build configuration list for PBXProject "matematicadafesta" */;
			compatibilityVersion = "Xcode 3.2";
			developmentRegion = English;
			hasScannedForEncodings = 0;
			knownRegions = (
				en,
				Base,
			);
			mainGroup = 58AC15ED1C90845200B4EA9D;
			productRefGroup = 58AC15F71C90845200B4EA9D /* Products */;
			projectDirPath = "";
			projectRoot = "";
			targets = (
				58AC15F51C90845200B4EA9D /* matematicadafesta */,
			);
		};
/* End PBXProject section */

/* Begin PBXResourcesBuildPhase section */
		58AC15F41C90845200B4EA9D /* Resources */ = {
			isa = PBXResourcesBuildPhase;
			buildActionMask = 2147483647;
			files = (
				58AC16041C90845200B4EA9D /* LaunchScreen.storyboard in Resources */,
				58AC16011C90845200B4EA9D /* Assets.xcassets in Resources */,
				58AC15FF1C90845200B4EA9D /* Main.storyboard in Resources */,
			);
			runOnlyForDeploymentPostprocessing = 0;
		};
/* End PBXResourcesBuildPhase section */

/* Begin PBXSourcesBuildPhase section */
		58AC15F21C90845200B4EA9D /* Sources */ = {
			isa = PBXSourcesBuildPhase;
			buildActionMask = 2147483647;
			files = (
				58AC15FC1C90845200B4EA9D /* ViewController.swift in Sources */,
				58AC15FA1C90845200B4EA9D /* AppDelegate.swift in Sources */,
			);
			runOnlyForDeploymentPostprocessing = 0;
		};
/* End PBXSourcesBuildPhase section */

/* Begin PBXVariantGroup section */
		58AC15FD1C90845200B4EA9D /* Main.storyboard */ = {
			isa = PBXVariantGroup;
			children = (
				58AC15FE1C90845200B4EA9D /* Base */,
			);
			name = Main.storyboard;
			sourceTree = "<group>";
		};
		58AC16021C90845200B4EA9D /* LaunchScreen.storyboard */ = {
			isa = PBXVariantGroup;
			children = (
				58AC16031C90845200B4EA9D /* Base */,
			);
			name = LaunchScreen.storyboard;
			sourceTree = "<group>";
		};
/* End PBXVariantGroup section */

/* Begin XCBuildConfiguration section */
		58AC16061C90845200B4EA9D /* Debug */ = {
			isa = XCBuildConfiguration;
			buildSettings = {
				ALWAYS_SEARCH_USER_PATHS = NO;
				CLANG_CXX_LANGUAGE_STANDARD = "gnu++0x";
				CLANG_CXX_LIBRARY = "libc++";
				CLANG_ENABLE_MODULES = YES;
				CLANG_ENABLE_OBJC_ARC = YES;
				CLANG_WARN_BOOL_CONVERSION = YES;
				CLANG_WARN_CONSTANT_CONVERSION = YES;
				CLANG_WARN_DIRECT_OBJC_ISA_USAGE = YES_ERROR;
				CLANG_WARN_EMPTY_BODY = YES;
				CLANG_WARN_ENUM_CONVERSION = YES;
				CLANG_WARN_INT_CONVERSION = YES;
				CLANG_WARN_OBJC_ROOT_CLASS = YES_ERROR;
				CLANG_WARN_UNREACHABLE_CODE = YES;
				CLANG_WARN__DUPLICATE_METHOD_MATCH = YES;
				"CODE_SIGN_IDENTITY[sdk=iphoneos*]" = "iPhone Developer";
				COPY_PHASE_STRIP = NO;
				DEBUG_INFORMATION_FORMAT = dwarf;
				ENABLE_STRICT_OBJC_MSGSEND = YES;
				ENABLE_TESTABILITY = YES;
				GCC_C_LANGUAGE_STANDARD = gnu99;
				GCC_DYNAMIC_NO_PIC = NO;
				GCC_NO_COMMON_BLOCKS = YES;
				GCC_OPTIMIZATION_LEVEL = 0;
				GCC_PREPROCESSOR_DEFINITIONS = (
					"DEBUG=1",
					"$(inherited)",
				);
				GCC_WARN_64_TO_32_BIT_CONVERSION = YES;
				GCC_WARN_ABOUT_RETURN_TYPE = YES_ERROR;
				GCC_WARN_UNDECLARED_SELECTOR = YES;
				GCC_WARN_UNINITIALIZED_AUTOS = YES_AGGRESSIVE;
				GCC_WARN_UNUSED_FUNCTION = YES;
				GCC_WARN_UNUSED_VARIABLE = YES;
				IPHONEOS_DEPLOYMENT_TARGET = 9.2;
				MTL_ENABLE_DEBUG_INFO = YES;
				ONLY_ACTIVE_ARCH = YES;
				SDKROOT = iphoneos;
				SWIFT_OPTIMIZATION_LEVEL = "-Onone";
			};
			name = Debug;
		};
		58AC16071C90845200B4EA9D /* Release */ = {
			isa = XCBuildConfiguration;
			buildSettings = {
				ALWAYS_SEARCH_USER_PATHS = NO;
				CLANG_CXX_LANGUAGE_STANDARD = "gnu++0x";
				CLANG_CXX_LIBRARY = "libc++";
				CLANG_ENABLE_MODULES = YES;
				CLANG_ENABLE_OBJC_ARC = YES;
				CLANG_WARN_BOOL_CONVERSION = YES;
				CLANG_WARN_CONSTANT_CONVERSION = YES;
				CLANG_WARN_DIRECT_OBJC_ISA_USAGE = YES_ERROR;
				CLANG_WARN_EMPTY_BODY = YES;
				CLANG_WARN_ENUM_CONVERSION = YES;
				CLANG_WARN_INT_CONVERSION = YES;
				CLANG_WARN_OBJC_ROOT_CLASS = YES_ERROR;
				CLANG_WARN_UNREACHABLE_CODE = YES;
				CLANG_WARN__DUPLICATE_METHOD_MATCH = YES;
				"CODE_SIGN_IDENTITY[sdk=iphoneos*]" = "iPhone Developer";
				COPY_PHASE_STRIP = NO;
				DEBUG_INFORMATION_FORMAT = "dwarf-with-dsym";
				ENABLE_NS_ASSERTIONS = NO;
				ENABLE_STRICT_OBJC_MSGSEND = YES;
				GCC_C_LANGUAGE_STANDARD = gnu99;
				GCC_NO_COMMON_BLOCKS = YES;
				GCC_WARN_64_TO_32_BIT_CONVERSION = YES;
				GCC_WARN_ABOUT_RETURN_TYPE = YES_ERROR;
				GCC_WARN_UNDECLARED_SELECTOR = YES;
				GCC_WARN_UNINITIALIZED_AUTOS = YES_AGGRESSIVE;
				GCC_WARN_UNUSED_FUNCTION = YES;
				GCC_WARN_UNUSED_VARIABLE = YES;
				IPHONEOS_DEPLOYMENT_TARGET = 9.2;
				MTL_ENABLE_DEBUG_INFO = NO;
				SDKROOT = iphoneos;
				VALIDATE_PRODUCT = YES;
			};
			name = Release;
		};
		58AC16091C90845200B4EA9D /* Debug */ = {
			isa = XCBuildConfiguration;
			buildSettings = {
				ASSETCATALOG_COMPILER_APPICON_NAME = AppIcon;
				INFOPLIST_FILE = matematicadafesta/Info.plist;
				LD_RUNPATH_SEARCH_PATHS = "$(inherited) @executable_path/Frameworks";
				PRODUCT_BUNDLE_IDENTIFIER = br.com.cajuinaweb.matematicadafesta;
				PRODUCT_NAME = "$(TARGET_NAME)";
			};
			name = Debug;
		};
		58AC160A1C90845200B4EA9D /* Release */ = {
			isa = XCBuildConfiguration;
			buildSettings = {
				ASSETCATALOG_COMPILER_APPICON_NAME = AppIcon;
				INFOPLIST_FILE = matematicadafesta/Info.plist;
				LD_RUNPATH_SEARCH_PATHS = "$(inherited) @executable_path/Frameworks";
				PRODUCT_BUNDLE_IDENTIFIER = br.com.cajuinaweb.matematicadafesta;
				PRODUCT_NAME = "$(TARGET_NAME)";
			};
			name = Release;
		};
/* End XCBuildConfiguration section */

/* Begin XCConfigurationList section */
		58AC15F11C90845200B4EA9D /* Build configuration list for PBXProject "matematicadafesta" */ = {
			isa = XCConfigurationList;
			buildConfigurations = (
				58AC16061C90845200B4EA9D /* Debug */,
				58AC16071C90845200B4EA9D /* Release */,
			);
			defaultConfigurationIsVisible = 0;
			defaultConfigurationName = Release;
		};
		58AC16081C90845200B4EA9D /* Build configuration list for PBXNativeTarget "matematicadafesta" */ = {
			isa = XCConfigurationList;
			buildConfigurations = (
				58AC16091C90845200B4EA9D /* Debug */,
				58AC160A1C90845200B4EA9D /* Release */,
			);
			defaultConfigurationIsVisible = 0;
		};
/* End XCConfigurationList section */
	};
	rootObject = 58AC15EE1C90845200B4EA9D /* Project object */;
}
